# @generated - this file is auto-generated by `mise lock` https://mise.en.dev/dev-tools/mise-lock.html

[[tools.bun]]
version = "1.3.7"
backend = "core:bun"

[tools.bun."platforms.linux-arm64"]
checksum = "sha256:d5c7d651423c2bc5ae3f92d36837ffb2ddc6ee91849672500b7fe8e5a5159fbc"
url = "https://github.com/oven-sh/bun/releases/download/bun-v1.3.7/bun-linux-aarch64.zip"

[tools.bun."platforms.linux-arm64-musl"]
checksum = "sha256:c3ec285016f567bc89bce46751a6425bbc256ec85ec5795d9a3b9edb039ddc8d"
url = "https://github.com/oven-sh/bun/releases/download/bun-v1.3.7/bun-linux-aarch64-musl.zip"

[tools.bun."platforms.linux-x64"]
checksum = "sha256:2bd2e0e0bdf09483be67a704607848ebe72c28420824e4ce772ce3da62c23d65"
url = "https://github.com/oven-sh/bun/releases/download/bun-v1.3.7/bun-linux-x64.zip"

[tools.bun."platforms.linux-x64-baseline"]
checksum = "sha256:cc14546006bf49419f3a20d2f591c8e167d112e1aa2ef1d8c77e1aec5ead372d"
url = "https://github.com/oven-sh/bun/releases/download/bun-v1.3.7/bun-linux-x64-baseline.zip"

[tools.bun."platforms.linux-x64-musl"]
checksum = "sha256:a38045aeeb7fb2d2dbc93aece67e92940571293abb040aef3334bf0f8dfe9b51"
url = "https://github.com/oven-sh/bun/releases/download/bun-v1.3.7/bun-linux-x64-musl.zip"

[tools.bun."platforms.linux-x64-musl-baseline"]
checksum = "sha256:8da029b5d0ca5105cde7e33618402756ec4eff88bbc10de47bc0bc06f8d6d12c"
url = "https://github.com/oven-sh/bun/releases/download/bun-v1.3.7/bun-linux-x64-musl-baseline.zip"

[tools.bun."platforms.macos-arm64"]
checksum = "sha256:16701e494998e4764d49af2fbe62d25ec59cf3c79ee696eba1def2cfe9049d64"
url = "https://github.com/oven-sh/bun/releases/download/bun-v1.3.7/bun-darwin-aarch64.zip"

[tools.bun."platforms.macos-x64"]
checksum = "sha256:cdfe9c71cacbdd9a73f098c3b050671957a7414e1321dfedd9a410d7794dae51"
url = "https://github.com/oven-sh/bun/releases/download/bun-v1.3.7/bun-darwin-x64.zip"

[tools.bun."platforms.macos-x64-baseline"]
checksum = "sha256:9c2c1aee6d72e96195c3051f91232504759507aaaeb093d5b70f88697e1a8eaf"
url = "https://github.com/oven-sh/bun/releases/download/bun-v1.3.7/bun-darwin-x64-baseline.zip"

[tools.bun."platforms.windows-x64"]
checksum = "sha256:659af6415800976c40338d5e1b9c0a4d61c503b880656cb00b43865a3a99e3bf"
url = "https://github.com/oven-sh/bun/releases/download/bun-v1.3.7/bun-windows-x64.zip"

[tools.bun."platforms.windows-x64-baseline"]
checksum = "sha256:b00d56268700b200881fd755893e45f5567720b4fa9b17fd590aa4887b49341a"
url = "https://github.com/oven-sh/bun/releases/download/bun-v1.3.7/bun-windows-x64-baseline.zip"

[[tools.hk]]
version = "1.35.0"
backend = "aqua:jdx/hk"

[tools.hk."platforms.linux-arm64"]
checksum = "sha256:e51d6404b59b2cebba411bf3900f93e81fb7ad807b7faaf8916c64c6fb327328"
url = "https://github.com/jdx/hk/releases/download/v1.35.0/hk-aarch64-unknown-linux-gnu.tar.gz"

[tools.hk."platforms.linux-x64"]
checksum = "sha256:1e2b7642c099faa4df20b4591059826529d7dafaed9dac98cd2212317c7c071e"
url = "https://github.com/jdx/hk/releases/download/v1.35.0/hk-x86_64-unknown-linux-gnu.tar.gz"

[tools.hk."platforms.linux-x64-baseline"]
checksum = "sha256:1e2b7642c099faa4df20b4591059826529d7dafaed9dac98cd2212317c7c071e"
url = "https://github.com/jdx/hk/releases/download/v1.35.0/hk-x86_64-unknown-linux-gnu.tar.gz"

[tools.hk."platforms.macos-arm64"]
checksum = "sha256:ace34e486adc4fe22419e55ff14bacfe9a49deab47d6fba87138160bc0a6ee47"
url = "https://github.com/jdx/hk/releases/download/v1.35.0/hk-aarch64-apple-darwin.tar.gz"

[tools.hk."platforms.windows-x64"]
checksum = "sha256:204789f5fa33600eecd8ac0c9ac13ebf4834d9512f9840d66cc0db8251e8d57d"
url = "https://github.com/jdx/hk/releases/download/v1.35.0/hk-x86_64-pc-windows-msvc.zip"

[tools.hk."platforms.windows-x64-baseline"]
checksum = "sha256:204789f5fa33600eecd8ac0c9ac13ebf4834d9512f9840d66cc0db8251e8d57d"
url = "https://github.com/jdx/hk/releases/download/v1.35.0/hk-x86_64-pc-windows-msvc.zip"

[[tools.overmind]]
version = "2.5.1"
backend = "github:DarthSim/overmind"

[tools.overmind."platforms.linux-arm64"]
checksum = "sha256:42cb6d79c8adcf4c68dfb2ddf09e63a0803b023af5b17d42e05ccbfa4b86bee2"
url = "https://github.com/DarthSim/overmind/releases/download/v2.5.1/overmind-v2.5.1-linux-arm64.gz"
url_api = "https://api.github.com/repos/DarthSim/overmind/releases/assets/158611911"

[tools.overmind."platforms.linux-arm64-musl"]
checksum = "sha256:42cb6d79c8adcf4c68dfb2ddf09e63a0803b023af5b17d42e05ccbfa4b86bee2"
url = "https://github.com/DarthSim/overmind/releases/download/v2.5.1/overmind-v2.5.1-linux-arm64.gz"
url_api = "https://api.github.com/repos/DarthSim/overmind/releases/assets/158611911"

[tools.overmind."platforms.linux-x64"]
checksum = "sha256:a17159b8e97d13f3679a4e8fbc9d4747f82d5af9f6d32597b72821378b5d0b6f"
url = "https://github.com/DarthSim/overmind/releases/download/v2.5.1/overmind-v2.5.1-linux-amd64.gz"
url_api = "https://api.github.com/repos/DarthSim/overmind/releases/assets/158611906"

[tools.overmind."platforms.linux-x64-baseline"]
checksum = "sha256:a17159b8e97d13f3679a4e8fbc9d4747f82d5af9f6d32597b72821378b5d0b6f"
url = "https://github.com/DarthSim/overmind/releases/download/v2.5.1/overmind-v2.5.1-linux-amd64.gz"
url_api = "https://api.github.com/repos/DarthSim/overmind/releases/assets/158611906"

[tools.overmind."platforms.linux-x64-musl"]
checksum = "sha256:a17159b8e97d13f3679a4e8fbc9d4747f82d5af9f6d32597b72821378b5d0b6f"
url = "https://github.com/DarthSim/overmind/releases/download/v2.5.1/overmind-v2.5.1-linux-amd64.gz"
url_api = "https://api.github.com/repos/DarthSim/overmind/releases/assets/158611906"

[tools.overmind."platforms.linux-x64-musl-baseline"]
checksum = "sha256:a17159b8e97d13f3679a4e8fbc9d4747f82d5af9f6d32597b72821378b5d0b6f"
url = "https://github.com/DarthSim/overmind/releases/download/v2.5.1/overmind-v2.5.1-linux-amd64.gz"
url_api = "https://api.github.com/repos/DarthSim/overmind/releases/assets/158611906"

[tools.overmind."platforms.macos-arm64"]
checksum = "sha256:04aa1dcf64b3d0272b51f49fd300ee346d0bd96e5cfc245121c8d56f2ffaac97"
url = "https://github.com/DarthSim/overmind/releases/download/v2.5.1/overmind-v2.5.1-macos-arm64.gz"
url_api = "https://api.github.com/repos/DarthSim/overmind/releases/assets/158611901"

[tools.overmind."platforms.macos-x64"]
checksum = "sha256:58cc613d08bcb9b6c92b8b70e815d5dbb2ab9a30cfa6aa295ea796dc46ef1361"
url = "https://github.com/DarthSim/overmind/releases/download/v2.5.1/overmind-v2.5.1-macos-amd64.gz"
url_api = "https://api.github.com/repos/DarthSim/overmind/releases/assets/158611904"

[tools.overmind."platforms.macos-x64-baseline"]
checksum = "sha256:58cc613d08bcb9b6c92b8b70e815d5dbb2ab9a30cfa6aa295ea796dc46ef1361"
url = "https://github.com/DarthSim/overmind/releases/download/v2.5.1/overmind-v2.5.1-macos-amd64.gz"
url_api = "https://api.github.com/repos/DarthSim/overmind/releases/assets/158611904"

[tools.overmind."platforms.windows-x64"]
checksum = "sha256:0bb890c3880223ae65a03aea51468ed17b6c65c23d5df1fabae2aeda6783d12d"
url = "https://github.com/DarthSim/overmind/releases/download/v2.5.1/overmind-v2.5.1-freebsd-amd64.gz"
url_api = "https://api.github.com/repos/DarthSim/overmind/releases/assets/158611870"

[tools.overmind."platforms.windows-x64-baseline"]
checksum = "sha256:0bb890c3880223ae65a03aea51468ed17b6c65c23d5df1fabae2aeda6783d12d"
url = "https://github.com/DarthSim/overmind/releases/download/v2.5.1/overmind-v2.5.1-freebsd-amd64.gz"
url_api = "https://api.github.com/repos/DarthSim/overmind/releases/assets/158611870"

[[tools.pkl]]
version = "0.31.1"
backend = "aqua:apple/pkl"

[tools.pkl."platforms.linux-arm64"]
checksum = "sha256:7ef10e743daa921fb94ae7bdb9ec6986f362bf250c55814b9ea2aeb13f2d083e"
url = "https://github.com/apple/pkl/releases/download/0.31.1/pkl-linux-aarch64"

[tools.pkl."platforms.linux-arm64-musl"]
checksum = "sha256:7ef10e743daa921fb94ae7bdb9ec6986f362bf250c55814b9ea2aeb13f2d083e"
url = "https://github.com/apple/pkl/releases/download/0.31.1/pkl-linux-aarch64"

[tools.pkl."platforms.linux-x64"]
checksum = "sha256:618f13955d755cafbfe8c9cba1d27635848cd49dbc6abffd398d2751db1231bf"
url = "https://github.com/apple/pkl/releases/download/0.31.1/pkl-linux-amd64"

[tools.pkl."platforms.linux-x64-baseline"]
checksum = "sha256:618f13955d755cafbfe8c9cba1d27635848cd49dbc6abffd398d2751db1231bf"
url = "https://github.com/apple/pkl/releases/download/0.31.1/pkl-linux-amd64"

[tools.pkl."platforms.linux-x64-musl"]
checksum = "sha256:618f13955d755cafbfe8c9cba1d27635848cd49dbc6abffd398d2751db1231bf"
url = "https://github.com/apple/pkl/releases/download/0.31.1/pkl-linux-amd64"

[tools.pkl."platforms.linux-x64-musl-baseline"]
checksum = "sha256:618f13955d755cafbfe8c9cba1d27635848cd49dbc6abffd398d2751db1231bf"
url = "https://github.com/apple/pkl/releases/download/0.31.1/pkl-linux-amd64"

[tools.pkl."platforms.macos-arm64"]
checksum = "sha256:1b6a5438d9624cd2798a7530721bbbfa27ef72efe5c878a1b6c546c6e7ca0e8f"
url = "https://github.com/apple/pkl/releases/download/0.31.1/pkl-macos-aarch64"

[tools.pkl."platforms.macos-x64"]
checksum = "sha256:22123ed4ae4c03afa8c54c69f77f0bec39b0fa0f67b09d6d148e0a376a2a471d"
url = "https://github.com/apple/pkl/releases/download/0.31.1/pkl-macos-amd64"

[tools.pkl."platforms.macos-x64-baseline"]
checksum = "sha256:22123ed4ae4c03afa8c54c69f77f0bec39b0fa0f67b09d6d148e0a376a2a471d"
url = "https://github.com/apple/pkl/releases/download/0.31.1/pkl-macos-amd64"

[tools.pkl."platforms.windows-x64"]
checksum = "sha256:a8834481667325b44c539dbb758d7365a16389070f343c04b639bbe525ede013"
url = "https://github.com/apple/pkl/releases/download/0.31.1/pkl-windows-amd64.exe"

[tools.pkl."platforms.windows-x64-baseline"]
checksum = "sha256:a8834481667325b44c539dbb758d7365a16389070f343c04b639bbe525ede013"
url = "https://github.com/apple/pkl/releases/download/0.31.1/pkl-windows-amd64.exe"

[[tools.ruby]]
version = "4.0.1"
backend = "core:ruby"

[tools.ruby.options]
compile = "false"
precompiled_url = "jdx/ruby"
ruby_build_repo = "https://github.com/rbenv/ruby-build.git"
ruby_install = "false"

[tools.ruby."platforms.linux-arm64"]
checksum = "sha256:fee712b42f18016f64474b7f447676f93c48037e905c99f3143fa9f160ff6676"
url = "https://github.com/jdx/ruby/releases/download/4.0.1-3/ruby-4.0.1.arm64_linux.tar.gz"
provenance = "github-attestations"

[tools.ruby."platforms.linux-arm64-musl"]
checksum = "sha256:fee712b42f18016f64474b7f447676f93c48037e905c99f3143fa9f160ff6676"
url = "https://github.com/jdx/ruby/releases/download/4.0.1-3/ruby-4.0.1.arm64_linux.tar.gz"
provenance = "github-attestations"

[tools.ruby."platforms.linux-x64"]
checksum = "sha256:44b14bd75d4825e75fbf9a89b5a48ac587c8a83750c1ffbc6a724b77c0320201"
url = "https://github.com/jdx/ruby/releases/download/4.0.1-3/ruby-4.0.1.x86_64_linux.tar.gz"
provenance = "github-attestations"

[tools.ruby."platforms.linux-x64-baseline"]
checksum = "sha256:44b14bd75d4825e75fbf9a89b5a48ac587c8a83750c1ffbc6a724b77c0320201"
url = "https://github.com/jdx/ruby/releases/download/4.0.1-3/ruby-4.0.1.x86_64_linux.tar.gz"
provenance = "github-attestations"

[tools.ruby."platforms.linux-x64-musl"]
checksum = "sha256:44b14bd75d4825e75fbf9a89b5a48ac587c8a83750c1ffbc6a724b77c0320201"
url = "https://github.com/jdx/ruby/releases/download/4.0.1-3/ruby-4.0.1.x86_64_linux.tar.gz"
provenance = "github-attestations"

[tools.ruby."platforms.linux-x64-musl-baseline"]
checksum = "sha256:44b14bd75d4825e75fbf9a89b5a48ac587c8a83750c1ffbc6a724b77c0320201"
url = "https://github.com/jdx/ruby/releases/download/4.0.1-3/ruby-4.0.1.x86_64_linux.tar.gz"
provenance = "github-attestations"

[tools.ruby."platforms.macos-arm64"]
checksum = "sha256:aba7d6e0c7fdca1becdfeed681a5cc8b701cd022f39d81c1db5880424a0dfd3a"
url = "https://github.com/jdx/ruby/releases/download/4.0.1-3/ruby-4.0.1.macos.tar.gz"
provenance = "github-attestations"

[tools.ruby."platforms.macos-x64"]
checksum = "sha256:3924be2d05db30f4e35f859bf028be85f4b7dd01714142fd823e4af5de2faf9d"
url = "https://cache.ruby-lang.org/pub/ruby/4.0/ruby-4.0.1.tar.gz"

[tools.ruby."platforms.macos-x64-baseline"]
checksum = "sha256:3924be2d05db30f4e35f859bf028be85f4b7dd01714142fd823e4af5de2faf9d"
url = "https://cache.ruby-lang.org/pub/ruby/4.0/ruby-4.0.1.tar.gz"
